
Microsoft Visual Studio Solution File, Format Version 12.00
# Visual Studio Version 17
VisualStudioVersion = 17.5.33530.505
MinimumVisualStudioVersion = 10.0.40219.1
Project("{8BC9CEB8-8B4A-11D0-8D11-00A0C91BC942}") = "MT3_02_06", "MT3_02_06.vcxproj", "{1EE80183-99F3-4D68-BBAE-B468915CAD88}"
EndProject
Global
	GlobalSection(SolutionConfigurationPlatforms) = preSolution
		Debug|x64 = Debug|x64
		Release|x64 = Release|x64
	EndGlobalSection
	GlobalSection(ProjectConfigurationPlatforms) = postSolution
		{1EE80183-99F3-4D68-BBAE-B468915CAD88}.Debug|x64.ActiveCfg = Debug|x64
		{1EE80183-99F3-4D68-BBAE-B468915CAD88}.Debug|x64.Build.0 = Debug|x64
		{1EE80183-99F3-4D68-BBAE-B468915CAD88}.Release|x64.ActiveCfg = Release|x64
		{1EE80183-99F3-4D68-BBAE-B468915CAD88}.Release|x64.Build.0 = Release|x64
	EndGlobalSection
	GlobalSection(SolutionProperties) = preSolution
		HideSolutionNode = FALSE
	EndGlobalSection
	GlobalSection(ExtensibilityGlobals) = postSolution
		SolutionGuid = {79614E4A-8708-419B-8576-AE08259C4D51}
	EndGlobalSection
EndGlobal
